
Microsoft Visual Studio Solution File, Format Version 12.00
# Visual Studio Version 17
VisualStudioVersion = 17.11.35327.3
MinimumVisualStudioVersion = 10.0.40219.1
Project("{9A19103F-16F7-4668-BE54-9A1E7A4F7556}") = "SecurityTest", "SecurityTest\SecurityTest.csproj", "{202CC6C0-DBCA-4F0E-B190-2AF60C605413}"
EndProject
Project("{2150E333-8FDC-42A3-9474-1A3956D46DE8}") = "src", "src", "{69494B92-7AC3-4627-AFFF-10587C023E55}"
EndProject
Project("{2150E333-8FDC-42A3-9474-1A3956D46DE8}") = "api", "api", "{CE956C86-27E9-4A8A-9A93-DD7616E8B4FE}"
EndProject
Project("{2150E333-8FDC-42A3-9474-1A3956D46DE8}") = "core", "core", "{B41B3C4F-4BA0-492C-9BF3-EF05C4FCDEC0}"
EndProject
Project("{2150E333-8FDC-42A3-9474-1A3956D46DE8}") = "infraestructure", "infraestructure", "{65611A51-E506-4241-851F-5468F9AF5B02}"
EndProject
Project("{FAE04EC0-301F-11D3-BF4B-00C04F79EFBC}") = "SecurityTest.Application", "SecurityTEST.Application\SecurityTest.Application.csproj", "{4B5130B5-54B6-4735-85DB-B910EEEC99BD}"
EndProject
Project("{FAE04EC0-301F-11D3-BF4B-00C04F79EFBC}") = "SecurityTest.Domain", "SecurityTest.Domain\SecurityTest.Domain.csproj", "{ADF9EA3F-B9FB-4F91-B0A4-A555DAEC3D50}"
EndProject
Project("{FAE04EC0-301F-11D3-BF4B-00C04F79EFBC}") = "SecurityTest.Persistence", "SecurityTest.Persistence\SecurityTest.Persistence.csproj", "{B8690323-E6E1-4127-A931-4C4F0E7BB270}"
EndProject
Global
	GlobalSection(SolutionConfigurationPlatforms) = preSolution
		Debug|Any CPU = Debug|Any CPU
		Release|Any CPU = Release|Any CPU
	EndGlobalSection
	GlobalSection(ProjectConfigurationPlatforms) = postSolution
		{202CC6C0-DBCA-4F0E-B190-2AF60C605413}.Debug|Any CPU.ActiveCfg = Debug|Any CPU
		{202CC6C0-DBCA-4F0E-B190-2AF60C605413}.Debug|Any CPU.Build.0 = Debug|Any CPU
		{202CC6C0-DBCA-4F0E-B190-2AF60C605413}.Release|Any CPU.ActiveCfg = Release|Any CPU
		{202CC6C0-DBCA-4F0E-B190-2AF60C605413}.Release|Any CPU.Build.0 = Release|Any CPU
		{4B5130B5-54B6-4735-85DB-B910EEEC99BD}.Debug|Any CPU.ActiveCfg = Debug|Any CPU
		{4B5130B5-54B6-4735-85DB-B910EEEC99BD}.Debug|Any CPU.Build.0 = Debug|Any CPU
		{4B5130B5-54B6-4735-85DB-B910EEEC99BD}.Release|Any CPU.ActiveCfg = Release|Any CPU
		{4B5130B5-54B6-4735-85DB-B910EEEC99BD}.Release|Any CPU.Build.0 = Release|Any CPU
		{ADF9EA3F-B9FB-4F91-B0A4-A555DAEC3D50}.Debug|Any CPU.ActiveCfg = Debug|Any CPU
		{ADF9EA3F-B9FB-4F91-B0A4-A555DAEC3D50}.Debug|Any CPU.Build.0 = Debug|Any CPU
		{ADF9EA3F-B9FB-4F91-B0A4-A555DAEC3D50}.Release|Any CPU.ActiveCfg = Release|Any CPU
		{ADF9EA3F-B9FB-4F91-B0A4-A555DAEC3D50}.Release|Any CPU.Build.0 = Release|Any CPU
		{B8690323-E6E1-4127-A931-4C4F0E7BB270}.Debug|Any CPU.ActiveCfg = Debug|Any CPU
		{B8690323-E6E1-4127-A931-4C4F0E7BB270}.Debug|Any CPU.Build.0 = Debug|Any CPU
		{B8690323-E6E1-4127-A931-4C4F0E7BB270}.Release|Any CPU.ActiveCfg = Release|Any CPU
		{B8690323-E6E1-4127-A931-4C4F0E7BB270}.Release|Any CPU.Build.0 = Release|Any CPU
	EndGlobalSection
	GlobalSection(SolutionProperties) = preSolution
		HideSolutionNode = FALSE
	EndGlobalSection
	GlobalSection(NestedProjects) = preSolution
		{202CC6C0-DBCA-4F0E-B190-2AF60C605413} = {CE956C86-27E9-4A8A-9A93-DD7616E8B4FE}
		{CE956C86-27E9-4A8A-9A93-DD7616E8B4FE} = {69494B92-7AC3-4627-AFFF-10587C023E55}
		{B41B3C4F-4BA0-492C-9BF3-EF05C4FCDEC0} = {69494B92-7AC3-4627-AFFF-10587C023E55}
		{65611A51-E506-4241-851F-5468F9AF5B02} = {69494B92-7AC3-4627-AFFF-10587C023E55}
		{4B5130B5-54B6-4735-85DB-B910EEEC99BD} = {B41B3C4F-4BA0-492C-9BF3-EF05C4FCDEC0}
		{ADF9EA3F-B9FB-4F91-B0A4-A555DAEC3D50} = {B41B3C4F-4BA0-492C-9BF3-EF05C4FCDEC0}
		{B8690323-E6E1-4127-A931-4C4F0E7BB270} = {65611A51-E506-4241-851F-5468F9AF5B02}
	EndGlobalSection
	GlobalSection(ExtensibilityGlobals) = postSolution
		SolutionGuid = {0B80C251-F208-486F-9AC5-402BB60E357F}
	EndGlobalSection
EndGlobal
